Microsoft Visual Studio Solution File, Format Version 12.00
# Visual Studio Version 17
VisualStudioVersion = 17.0.31903.59
MinimumVisualStudioVersion = 10.0.40219.1
Project("{8BC9CEB8-8B4A-11D0-8D11-00A0C91BC942}") = "Formidable2026", "Master\Formidable2026.vcxproj", "{D58E96CD-C41F-4DD1-9502-EF1CB7AC65E5}"
	ProjectSection(ProjectDependencies) = postProject
		{3F756E52-23C2-4EE4-A184-37CF788D50A7} = {3F756E52-23C2-4EE4-A184-37CF788D50A7}
		{01904B3B-D9FF-4A7E-BC4D-A84E9C0D736C} = {01904B3B-D9FF-4A7E-BC4D-A84E9C0D736C}
		{C8C441D8-ED6B-4412-AC15-7088919A4ED3} = {C8C441D8-ED6B-4412-AC15-7088919A4ED3}
		{60B944BE-0DD2-4334-B4AA-5781AC614662} = {60B944BE-0DD2-4334-B4AA-5781AC614662}
		{619B7D5F-0974-4D01-9D4C-724AFC2BB659} = {619B7D5F-0974-4D01-9D4C-724AFC2BB659}
		{7550AE5F-6FDD-48DB-9D10-5499BAD9969D} = {7550AE5F-6FDD-48DB-9D10-5499BAD9969D}
		{8067E08D-B57F-46F0-9EFC-29234FBCD001} = {8067E08D-B57F-46F0-9EFC-29234FBCD001}
		{E86B2A46-DF50-4B82-BF2A-09BC70B5AA9C} = {E86B2A46-DF50-4B82-BF2A-09BC70B5AA9C}
		{9BE0B2B4-1CF4-4123-A38F-9746F6091934} = {9BE0B2B4-1CF4-4123-A38F-9746F6091934}
	EndProjectSection
EndProject
Project("{8BC9CEB8-8B4A-11D0-8D11-00A0C91BC942}") = "Client", "ClientSide\Client\Client.vcxproj", "{3F756E52-23C2-4EE4-A184-37CF788D50A7}"
EndProject
Project("{8BC9CEB8-8B4A-11D0-8D11-00A0C91BC942}") = "ModuleFileManager", "Modules\FileManager\ModuleFileManager.vcxproj", "{01904B3B-D9FF-4A7E-BC4D-A84E9C0D736C}"
EndProject
Project("{8BC9CEB8-8B4A-11D0-8D11-00A0C91BC942}") = "ModuleMultimedia", "Modules\Multimedia\ModuleMultimedia.vcxproj", "{C8C441D8-ED6B-4412-AC15-7088919A4ED3}"
EndProject
Project("{8BC9CEB8-8B4A-11D0-8D11-00A0C91BC942}") = "ModuleProcessManager", "Modules\ProcessManager\ModuleProcessManager.vcxproj", "{60B944BE-0DD2-4334-B4AA-5781AC614662}"
EndProject
Project("{8BC9CEB8-8B4A-11D0-8D11-00A0C91BC942}") = "ModuleRegistryManager", "Modules\RegistryManager\ModuleRegistryManager.vcxproj", "{619B7D5F-0974-4D01-9D4C-724AFC2BB659}"
EndProject
Project("{8BC9CEB8-8B4A-11D0-8D11-00A0C91BC942}") = "ModuleServiceManager", "Modules\ServiceManager\ModuleServiceManager.vcxproj", "{7550AE5F-6FDD-48DB-9D10-5499BAD9969D}"
EndProject
Project("{8BC9CEB8-8B4A-11D0-8D11-00A0C91BC942}") = "ModuleSystemInfo", "Modules\SystemInfo\ModuleSystemInfo.vcxproj", "{8067E08D-B57F-46F0-9EFC-29234FBCD001}"
EndProject
Project("{8BC9CEB8-8B4A-11D0-8D11-00A0C91BC942}") = "ModuleTerminal", "Modules\Terminal\ModuleTerminal.vcxproj", "{E86B2A46-DF50-4B82-BF2A-09BC70B5AA9C}"
EndProject
Project("{8BC9CEB8-8B4A-11D0-8D11-00A0C91BC942}") = "ModuleWindowManager", "Modules\WindowManager\ModuleWindowManager.vcxproj", "{9BE0B2B4-1CF4-4123-A38F-9746F6091934}"
EndProject
Global
	GlobalSection(SolutionConfigurationPlatforms) = preSolution
		Debug|x64 = Debug|x64
		Debug|Win32 = Debug|Win32
		Release|x64 = Release|x64
		Release|Win32 = Release|Win32
	EndGlobalSection
	GlobalSection(ProjectConfigurationPlatforms) = postSolution
		{D58E96CD-C41F-4DD1-9502-EF1CB7AC65E5}.Debug|x64.ActiveCfg = Debug|x64
		{D58E96CD-C41F-4DD1-9502-EF1CB7AC65E5}.Debug|x64.Build.0 = Debug|x64
		{D58E96CD-C41F-4DD1-9502-EF1CB7AC65E5}.Debug|Win32.ActiveCfg = Debug|Win32
		{D58E96CD-C41F-4DD1-9502-EF1CB7AC65E5}.Debug|Win32.Build.0 = Debug|Win32
		{D58E96CD-C41F-4DD1-9502-EF1CB7AC65E5}.Release|x64.ActiveCfg = Release|x64
		{D58E96CD-C41F-4DD1-9502-EF1CB7AC65E5}.Release|x64.Build.0 = Release|x64
		{D58E96CD-C41F-4DD1-9502-EF1CB7AC65E5}.Release|Win32.ActiveCfg = Release|Win32
		{D58E96CD-C41F-4DD1-9502-EF1CB7AC65E5}.Release|Win32.Build.0 = Release|Win32
		{3F756E52-23C2-4EE4-A184-37CF788D50A7}.Debug|x64.ActiveCfg = Debug|x64
		{3F756E52-23C2-4EE4-A184-37CF788D50A7}.Debug|x64.Build.0 = Debug|x64
		{3F756E52-23C2-4EE4-A184-37CF788D50A7}.Debug|Win32.ActiveCfg = Debug|Win32
		{3F756E52-23C2-4EE4-A184-37CF788D50A7}.Debug|Win32.Build.0 = Debug|Win32
		{3F756E52-23C2-4EE4-A184-37CF788D50A7}.Release|x64.ActiveCfg = Release|x64
		{3F756E52-23C2-4EE4-A184-37CF788D50A7}.Release|x64.Build.0 = Release|x64
		{3F756E52-23C2-4EE4-A184-37CF788D50A7}.Release|Win32.ActiveCfg = Release|Win32
		{3F756E52-23C2-4EE4-A184-37CF788D50A7}.Release|Win32.Build.0 = Release|Win32
		{01904B3B-D9FF-4A7E-BC4D-A84E9C0D736C}.Debug|x64.ActiveCfg = Debug|x64
		{01904B3B-D9FF-4A7E-BC4D-A84E9C0D736C}.Debug|x64.Build.0 = Debug|x64
		{01904B3B-D9FF-4A7E-BC4D-A84E9C0D736C}.Debug|Win32.ActiveCfg = Debug|Win32
		{01904B3B-D9FF-4A7E-BC4D-A84E9C0D736C}.Debug|Win32.Build.0 = Debug|Win32
		{01904B3B-D9FF-4A7E-BC4D-A84E9C0D736C}.Release|x64.ActiveCfg = Release|x64
		{01904B3B-D9FF-4A7E-BC4D-A84E9C0D736C}.Release|x64.Build.0 = Release|x64
		{01904B3B-D9FF-4A7E-BC4D-A84E9C0D736C}.Release|Win32.ActiveCfg = Release|Win32
		{01904B3B-D9FF-4A7E-BC4D-A84E9C0D736C}.Release|Win32.Build.0 = Release|Win32
		{C8C441D8-ED6B-4412-AC15-7088919A4ED3}.Debug|x64.ActiveCfg = Debug|x64
		{C8C441D8-ED6B-4412-AC15-7088919A4ED3}.Debug|x64.Build.0 = Debug|x64
		{C8C441D8-ED6B-4412-AC15-7088919A4ED3}.Debug|Win32.ActiveCfg = Debug|Win32
		{C8C441D8-ED6B-4412-AC15-7088919A4ED3}.Debug|Win32.Build.0 = Debug|Win32
		{C8C441D8-ED6B-4412-AC15-7088919A4ED3}.Release|x64.ActiveCfg = Release|x64
		{C8C441D8-ED6B-4412-AC15-7088919A4ED3}.Release|x64.Build.0 = Release|x64
		{C8C441D8-ED6B-4412-AC15-7088919A4ED3}.Release|Win32.ActiveCfg = Release|Win32
		{C8C441D8-ED6B-4412-AC15-7088919A4ED3}.Release|Win32.Build.0 = Release|Win32
		{60B944BE-0DD2-4334-B4AA-5781AC614662}.Debug|x64.ActiveCfg = Debug|x64
		{60B944BE-0DD2-4334-B4AA-5781AC614662}.Debug|x64.Build.0 = Debug|x64
		{60B944BE-0DD2-4334-B4AA-5781AC614662}.Debug|Win32.ActiveCfg = Debug|Win32
		{60B944BE-0DD2-4334-B4AA-5781AC614662}.Debug|Win32.Build.0 = Debug|Win32
		{60B944BE-0DD2-4334-B4AA-5781AC614662}.Release|x64.ActiveCfg = Release|x64
		{60B944BE-0DD2-4334-B4AA-5781AC614662}.Release|x64.Build.0 = Release|x64
		{60B944BE-0DD2-4334-B4AA-5781AC614662}.Release|Win32.ActiveCfg = Release|Win32
		{60B944BE-0DD2-4334-B4AA-5781AC614662}.Release|Win32.Build.0 = Release|Win32
		{619B7D5F-0974-4D01-9D4C-724AFC2BB659}.Debug|x64.ActiveCfg = Debug|x64
		{619B7D5F-0974-4D01-9D4C-724AFC2BB659}.Debug|x64.Build.0 = Debug|x64
		{619B7D5F-0974-4D01-9D4C-724AFC2BB659}.Debug|Win32.ActiveCfg = Debug|Win32
		{619B7D5F-0974-4D01-9D4C-724AFC2BB659}.Debug|Win32.Build.0 = Debug|Win32
		{619B7D5F-0974-4D01-9D4C-724AFC2BB659}.Release|x64.ActiveCfg = Release|x64
		{619B7D5F-0974-4D01-9D4C-724AFC2BB659}.Release|x64.Build.0 = Release|x64
		{619B7D5F-0974-4D01-9D4C-724AFC2BB659}.Release|Win32.ActiveCfg = Release|Win32
		{619B7D5F-0974-4D01-9D4C-724AFC2BB659}.Release|Win32.Build.0 = Release|Win32
		{7550AE5F-6FDD-48DB-9D10-5499BAD9969D}.Debug|x64.ActiveCfg = Debug|x64
		{7550AE5F-6FDD-48DB-9D10-5499BAD9969D}.Debug|x64.Build.0 = Debug|x64
		{7550AE5F-6FDD-48DB-9D10-5499BAD9969D}.Debug|Win32.ActiveCfg = Debug|Win32
		{7550AE5F-6FDD-48DB-9D10-5499BAD9969D}.Debug|Win32.Build.0 = Debug|Win32
		{7550AE5F-6FDD-48DB-9D10-5499BAD9969D}.Release|x64.ActiveCfg = Release|x64
		{7550AE5F-6FDD-48DB-9D10-5499BAD9969D}.Release|x64.Build.0 = Release|x64
		{7550AE5F-6FDD-48DB-9D10-5499BAD9969D}.Release|Win32.ActiveCfg = Release|Win32
		{7550AE5F-6FDD-48DB-9D10-5499BAD9969D}.Release|Win32.Build.0 = Release|Win32
		{8067E08D-B57F-46F0-9EFC-29234FBCD001}.Debug|x64.ActiveCfg = Debug|x64
		{8067E08D-B57F-46F0-9EFC-29234FBCD001}.Debug|x64.Build.0 = Debug|x64
		{8067E08D-B57F-46F0-9EFC-29234FBCD001}.Debug|Win32.ActiveCfg = Debug|Win32
		{8067E08D-B57F-46F0-9EFC-29234FBCD001}.Debug|Win32.Build.0 = Debug|Win32
		{8067E08D-B57F-46F0-9EFC-29234FBCD001}.Release|x64.ActiveCfg = Release|x64
		{8067E08D-B57F-46F0-9EFC-29234FBCD001}.Release|x64.Build.0 = Release|x64
		{8067E08D-B57F-46F0-9EFC-29234FBCD001}.Release|Win32.ActiveCfg = Release|Win32
		{8067E08D-B57F-46F0-9EFC-29234FBCD001}.Release|Win32.Build.0 = Release|Win32
		{E86B2A46-DF50-4B82-BF2A-09BC70B5AA9C}.Debug|x64.ActiveCfg = Debug|x64
		{E86B2A46-DF50-4B82-BF2A-09BC70B5AA9C}.Debug|x64.Build.0 = Debug|x64
		{E86B2A46-DF50-4B82-BF2A-09BC70B5AA9C}.Debug|Win32.ActiveCfg = Debug|Win32
		{E86B2A46-DF50-4B82-BF2A-09BC70B5AA9C}.Debug|Win32.Build.0 = Debug|Win32
		{E86B2A46-DF50-4B82-BF2A-09BC70B5AA9C}.Release|x64.ActiveCfg = Release|x64
		{E86B2A46-DF50-4B82-BF2A-09BC70B5AA9C}.Release|x64.Build.0 = Release|x64
		{E86B2A46-DF50-4B82-BF2A-09BC70B5AA9C}.Release|Win32.ActiveCfg = Release|Win32
		{E86B2A46-DF50-4B82-BF2A-09BC70B5AA9C}.Release|Win32.Build.0 = Release|Win32
		{9BE0B2B4-1CF4-4123-A38F-9746F6091934}.Debug|x64.ActiveCfg = Debug|x64
		{9BE0B2B4-1CF4-4123-A38F-9746F6091934}.Debug|x64.Build.0 = Debug|x64
		{9BE0B2B4-1CF4-4123-A38F-9746F6091934}.Debug|Win32.ActiveCfg = Debug|Win32
		{9BE0B2B4-1CF4-4123-A38F-9746F6091934}.Debug|Win32.Build.0 = Debug|Win32
		{9BE0B2B4-1CF4-4123-A38F-9746F6091934}.Release|x64.ActiveCfg = Release|x64
		{9BE0B2B4-1CF4-4123-A38F-9746F6091934}.Release|x64.Build.0 = Release|x64
		{9BE0B2B4-1CF4-4123-A38F-9746F6091934}.Release|Win32.ActiveCfg = Release|Win32
		{9BE0B2B4-1CF4-4123-A38F-9746F6091934}.Release|Win32.Build.0 = Release|Win32
	EndGlobalSection
	GlobalSection(SolutionProperties) = preSolution
		HideSolutionNode = FALSE
	EndGlobalSection
EndGlobal
